
Microsoft Visual Studio Solution File, Format Version 12.00
# Visual Studio Version 16
VisualStudioVersion = 16.0.31702.278
MinimumVisualStudioVersion = 10.0.40219.1
Project("{FAE04EC0-301F-11D3-BF4B-00C04F79EFBC}") = "Garbage Collection", "Garbage Collection\Garbage Collection.csproj", "{C56157D5-63C5-41BA-B11E-2316A4BCFDBB}"
EndProject
Global
	GlobalSection(SolutionConfigurationPlatforms) = preSolution
		Debug|Any CPU = Debug|Any CPU
		Release|Any CPU = Release|Any CPU
	EndGlobalSection
	GlobalSection(ProjectConfigurationPlatforms) = postSolution
		{C56157D5-63C5-41BA-B11E-2316A4BCFDBB}.Debug|Any CPU.ActiveCfg = Debug|Any CPU
		{C56157D5-63C5-41BA-B11E-2316A4BCFDBB}.Debug|Any CPU.Build.0 = Debug|Any CPU
		{C56157D5-63C5-41BA-B11E-2316A4BCFDBB}.Release|Any CPU.ActiveCfg = Release|Any CPU
		{C56157D5-63C5-41BA-B11E-2316A4BCFDBB}.Release|Any CPU.Build.0 = Release|Any CPU
	EndGlobalSection
	GlobalSection(SolutionProperties) = preSolution
		HideSolutionNode = FALSE
	EndGlobalSection
	GlobalSection(ExtensibilityGlobals) = postSolution
		SolutionGuid = {A04C8CB0-936C-4A47-A0F4-147CD9DA3479}
	EndGlobalSection
EndGlobal
