
Microsoft Visual Studio Solution File, Format Version 12.00
# Visual Studio Version 16
VisualStudioVersion = 16.0.31702.278
MinimumVisualStudioVersion = 10.0.40219.1
Project("{FAE04EC0-301F-11D3-BF4B-00C04F79EFBC}") = "Producer", "Producer\Producer.csproj", "{A5C62BF9-6A9F-47CE-ADF0-62477B535BD4}"
EndProject
Project("{FAE04EC0-301F-11D3-BF4B-00C04F79EFBC}") = "Consumer.Error", "Consumer.Error\Consumer.Error.csproj", "{ADC7C412-6580-4ED2-A12E-80126DA04889}"
EndProject
Project("{FAE04EC0-301F-11D3-BF4B-00C04F79EFBC}") = "Consumer.Info", "Consumer.Info\Consumer.Info.csproj", "{1E28DAEA-B1BF-4DC2-BE7E-6F3406D08BC7}"
EndProject
Project("{FAE04EC0-301F-11D3-BF4B-00C04F79EFBC}") = "Consumer.Warning", "Consumer.Warning\Consumer.Warning.csproj", "{06DA3482-44C2-4047-BAE2-938D041F48D6}"
EndProject
Project("{FAE04EC0-301F-11D3-BF4B-00C04F79EFBC}") = "Consumer.All", "Consumer.All\Consumer.All.csproj", "{BBF1B958-5DF8-4CD4-94B4-438A476ACC4C}"
EndProject
Global
	GlobalSection(SolutionConfigurationPlatforms) = preSolution
		Debug|Any CPU = Debug|Any CPU
		Release|Any CPU = Release|Any CPU
	EndGlobalSection
	GlobalSection(ProjectConfigurationPlatforms) = postSolution
		{A5C62BF9-6A9F-47CE-ADF0-62477B535BD4}.Debug|Any CPU.ActiveCfg = Debug|Any CPU
		{A5C62BF9-6A9F-47CE-ADF0-62477B535BD4}.Debug|Any CPU.Build.0 = Debug|Any CPU
		{A5C62BF9-6A9F-47CE-ADF0-62477B535BD4}.Release|Any CPU.ActiveCfg = Release|Any CPU
		{A5C62BF9-6A9F-47CE-ADF0-62477B535BD4}.Release|Any CPU.Build.0 = Release|Any CPU
		{ADC7C412-6580-4ED2-A12E-80126DA04889}.Debug|Any CPU.ActiveCfg = Debug|Any CPU
		{ADC7C412-6580-4ED2-A12E-80126DA04889}.Debug|Any CPU.Build.0 = Debug|Any CPU
		{ADC7C412-6580-4ED2-A12E-80126DA04889}.Release|Any CPU.ActiveCfg = Release|Any CPU
		{ADC7C412-6580-4ED2-A12E-80126DA04889}.Release|Any CPU.Build.0 = Release|Any CPU
		{1E28DAEA-B1BF-4DC2-BE7E-6F3406D08BC7}.Debug|Any CPU.ActiveCfg = Debug|Any CPU
		{1E28DAEA-B1BF-4DC2-BE7E-6F3406D08BC7}.Debug|Any CPU.Build.0 = Debug|Any CPU
		{1E28DAEA-B1BF-4DC2-BE7E-6F3406D08BC7}.Release|Any CPU.ActiveCfg = Release|Any CPU
		{1E28DAEA-B1BF-4DC2-BE7E-6F3406D08BC7}.Release|Any CPU.Build.0 = Release|Any CPU
		{06DA3482-44C2-4047-BAE2-938D041F48D6}.Debug|Any CPU.ActiveCfg = Debug|Any CPU
		{06DA3482-44C2-4047-BAE2-938D041F48D6}.Debug|Any CPU.Build.0 = Debug|Any CPU
		{06DA3482-44C2-4047-BAE2-938D041F48D6}.Release|Any CPU.ActiveCfg = Release|Any CPU
		{06DA3482-44C2-4047-BAE2-938D041F48D6}.Release|Any CPU.Build.0 = Release|Any CPU
		{BBF1B958-5DF8-4CD4-94B4-438A476ACC4C}.Debug|Any CPU.ActiveCfg = Debug|Any CPU
		{BBF1B958-5DF8-4CD4-94B4-438A476ACC4C}.Debug|Any CPU.Build.0 = Debug|Any CPU
		{BBF1B958-5DF8-4CD4-94B4-438A476ACC4C}.Release|Any CPU.ActiveCfg = Release|Any CPU
		{BBF1B958-5DF8-4CD4-94B4-438A476ACC4C}.Release|Any CPU.Build.0 = Release|Any CPU
	EndGlobalSection
	GlobalSection(SolutionProperties) = preSolution
		HideSolutionNode = FALSE
	EndGlobalSection
	GlobalSection(ExtensibilityGlobals) = postSolution
		SolutionGuid = {2EED246E-A59B-441A-8F12-3069677F7625}
	EndGlobalSection
EndGlobal
