
Microsoft Visual Studio Solution File, Format Version 12.00
# Visual Studio Version 16
VisualStudioVersion = 16.0.31702.278
MinimumVisualStudioVersion = 10.0.40219.1
Project("{FAE04EC0-301F-11D3-BF4B-00C04F79EFBC}") = "Producer", "Producer\Producer.csproj", "{B4A90A46-6427-4A7B-97D8-0905B32C3A50}"
EndProject
Project("{FAE04EC0-301F-11D3-BF4B-00C04F79EFBC}") = "Consumer.BancChanger", "Consumer.BancChanger\Consumer.BancChanger.csproj", "{774DC1F7-BA07-4BEC-B7B6-55D50756D3DD}"
EndProject
Project("{FAE04EC0-301F-11D3-BF4B-00C04F79EFBC}") = "Consumer.Tax", "Consumer.Tax\Consumer.Tax.csproj", "{1E3AEED6-0588-4288-9AEF-4C200CF739FB}"
EndProject
Global
	GlobalSection(SolutionConfigurationPlatforms) = preSolution
		Debug|Any CPU = Debug|Any CPU
		Release|Any CPU = Release|Any CPU
	EndGlobalSection
	GlobalSection(ProjectConfigurationPlatforms) = postSolution
		{B4A90A46-6427-4A7B-97D8-0905B32C3A50}.Debug|Any CPU.ActiveCfg = Debug|Any CPU
		{B4A90A46-6427-4A7B-97D8-0905B32C3A50}.Debug|Any CPU.Build.0 = Debug|Any CPU
		{B4A90A46-6427-4A7B-97D8-0905B32C3A50}.Release|Any CPU.ActiveCfg = Release|Any CPU
		{B4A90A46-6427-4A7B-97D8-0905B32C3A50}.Release|Any CPU.Build.0 = Release|Any CPU
		{774DC1F7-BA07-4BEC-B7B6-55D50756D3DD}.Debug|Any CPU.ActiveCfg = Debug|Any CPU
		{774DC1F7-BA07-4BEC-B7B6-55D50756D3DD}.Debug|Any CPU.Build.0 = Debug|Any CPU
		{774DC1F7-BA07-4BEC-B7B6-55D50756D3DD}.Release|Any CPU.ActiveCfg = Release|Any CPU
		{774DC1F7-BA07-4BEC-B7B6-55D50756D3DD}.Release|Any CPU.Build.0 = Release|Any CPU
		{1E3AEED6-0588-4288-9AEF-4C200CF739FB}.Debug|Any CPU.ActiveCfg = Debug|Any CPU
		{1E3AEED6-0588-4288-9AEF-4C200CF739FB}.Debug|Any CPU.Build.0 = Debug|Any CPU
		{1E3AEED6-0588-4288-9AEF-4C200CF739FB}.Release|Any CPU.ActiveCfg = Release|Any CPU
		{1E3AEED6-0588-4288-9AEF-4C200CF739FB}.Release|Any CPU.Build.0 = Release|Any CPU
	EndGlobalSection
	GlobalSection(SolutionProperties) = preSolution
		HideSolutionNode = FALSE
	EndGlobalSection
	GlobalSection(ExtensibilityGlobals) = postSolution
		SolutionGuid = {4A42A39A-C140-4289-A0AD-9698FCD79CFE}
	EndGlobalSection
EndGlobal
