
Microsoft Visual Studio Solution File, Format Version 12.00
# Visual Studio Version 16
VisualStudioVersion = 16.0.31702.278
MinimumVisualStudioVersion = 10.0.40219.1
Project("{FAE04EC0-301F-11D3-BF4B-00C04F79EFBC}") = "ChatServer", "ChatServer\ChatServer.csproj", "{A013AC24-07FC-4D45-BAE3-61972BBB0332}"
EndProject
Project("{FAE04EC0-301F-11D3-BF4B-00C04F79EFBC}") = "ChatClient", "ChatClient\ChatClient.csproj", "{4875F6B1-F54B-48A5-9492-005AC79C9B77}"
EndProject
Global
	GlobalSection(SolutionConfigurationPlatforms) = preSolution
		Debug|Any CPU = Debug|Any CPU
		Release|Any CPU = Release|Any CPU
	EndGlobalSection
	GlobalSection(ProjectConfigurationPlatforms) = postSolution
		{A013AC24-07FC-4D45-BAE3-61972BBB0332}.Debug|Any CPU.ActiveCfg = Debug|Any CPU
		{A013AC24-07FC-4D45-BAE3-61972BBB0332}.Debug|Any CPU.Build.0 = Debug|Any CPU
		{A013AC24-07FC-4D45-BAE3-61972BBB0332}.Release|Any CPU.ActiveCfg = Release|Any CPU
		{A013AC24-07FC-4D45-BAE3-61972BBB0332}.Release|Any CPU.Build.0 = Release|Any CPU
		{4875F6B1-F54B-48A5-9492-005AC79C9B77}.Debug|Any CPU.ActiveCfg = Debug|Any CPU
		{4875F6B1-F54B-48A5-9492-005AC79C9B77}.Debug|Any CPU.Build.0 = Debug|Any CPU
		{4875F6B1-F54B-48A5-9492-005AC79C9B77}.Release|Any CPU.ActiveCfg = Release|Any CPU
		{4875F6B1-F54B-48A5-9492-005AC79C9B77}.Release|Any CPU.Build.0 = Release|Any CPU
	EndGlobalSection
	GlobalSection(SolutionProperties) = preSolution
		HideSolutionNode = FALSE
	EndGlobalSection
	GlobalSection(ExtensibilityGlobals) = postSolution
		SolutionGuid = {95D7202E-77CE-4C1D-8DC9-CE88477204D1}
	EndGlobalSection
EndGlobal
