
Microsoft Visual Studio Solution File, Format Version 12.00
# Visual Studio Version 16
VisualStudioVersion = 16.0.31702.278
MinimumVisualStudioVersion = 10.0.40219.1
Project("{FAE04EC0-301F-11D3-BF4B-00C04F79EFBC}") = "SportsStore", "SportsStore\SportsStore.csproj", "{E8D17EEC-07AB-4A8A-9921-3BEFBFBEB049}"
EndProject
Global
	GlobalSection(SolutionConfigurationPlatforms) = preSolution
		Debug|Any CPU = Debug|Any CPU
		Release|Any CPU = Release|Any CPU
	EndGlobalSection
	GlobalSection(ProjectConfigurationPlatforms) = postSolution
		{E8D17EEC-07AB-4A8A-9921-3BEFBFBEB049}.Debug|Any CPU.ActiveCfg = Debug|Any CPU
		{E8D17EEC-07AB-4A8A-9921-3BEFBFBEB049}.Debug|Any CPU.Build.0 = Debug|Any CPU
		{E8D17EEC-07AB-4A8A-9921-3BEFBFBEB049}.Release|Any CPU.ActiveCfg = Release|Any CPU
		{E8D17EEC-07AB-4A8A-9921-3BEFBFBEB049}.Release|Any CPU.Build.0 = Release|Any CPU
	EndGlobalSection
	GlobalSection(SolutionProperties) = preSolution
		HideSolutionNode = FALSE
	EndGlobalSection
	GlobalSection(ExtensibilityGlobals) = postSolution
		SolutionGuid = {4441096C-3933-46CE-9555-7DB12B585CE4}
	EndGlobalSection
EndGlobal
