
Microsoft Visual Studio Solution File, Format Version 12.00
# Visual Studio Version 16
VisualStudioVersion = 16.0.31402.337
MinimumVisualStudioVersion = 10.0.40219.1
Project("{FAE04EC0-301F-11D3-BF4B-00C04F79EFBC}") = "SimpeCodeYouTube", "SimpeCodeYouTube\SimpeCodeYouTube.csproj", "{9FE92701-84A6-45D2-87A8-A76D56DA1D26}"
EndProject
Project("{FAE04EC0-301F-11D3-BF4B-00C04F79EFBC}") = "HwLesson16(if else)", "HwLesson16\HwLesson16(if else).csproj", "{6CEF6900-09D7-4FE7-ABC2-959A71C048F9}"
EndProject
Project("{FAE04EC0-301F-11D3-BF4B-00C04F79EFBC}") = "HwLessons22(Loop)", "HwLessons22\HwLessons22(Loop).csproj", "{2B26F669-8A39-4536-AB9A-3244B2417935}"
EndProject
Project("{FAE04EC0-301F-11D3-BF4B-00C04F79EFBC}") = "TernarOperator", "TernarOperator\TernarOperator.csproj", "{94AF25B0-EDBC-48BB-B090-256297D7C2F9}"
EndProject
Project("{FAE04EC0-301F-11D3-BF4B-00C04F79EFBC}") = "Array", "Array\Array.csproj", "{CAE3DAA3-F953-486D-91AA-86DC4683889E}"
EndProject
Project("{FAE04EC0-301F-11D3-BF4B-00C04F79EFBC}") = "HwLesson26(Array)", "HwLesson26\HwLesson26(Array).csproj", "{F71975FD-DFC3-4EF6-9AA1-07E873A9316E}"
EndProject
Project("{FAE04EC0-301F-11D3-BF4B-00C04F79EFBC}") = "2Array", "2Array\2Array.csproj", "{F6975C56-19AB-44F0-803C-7E38C4A4A119}"
EndProject
Project("{FAE04EC0-301F-11D3-BF4B-00C04F79EFBC}") = "2ArrayRandom", "Filling2Array\2ArrayRandom.csproj", "{DBDCD463-E941-4EE7-8B4A-E1BAF28A14EC}"
EndProject
Project("{FAE04EC0-301F-11D3-BF4B-00C04F79EFBC}") = "2ArrayKeyboard", "2ArrayKeyboard\2ArrayKeyboard.csproj", "{2D3DAD88-C9B5-4188-9DBE-07835C8A36B6}"
EndProject
Project("{FAE04EC0-301F-11D3-BF4B-00C04F79EFBC}") = "ArrayJagged", "JaggedArray\ArrayJagged.csproj", "{EAA06BE2-8561-427D-B4D4-E0AAA0EEDE79}"
EndProject
Project("{FAE04EC0-301F-11D3-BF4B-00C04F79EFBC}") = "ThreeDimensionalArray", "ThreeDimensionalArray\ThreeDimensionalArray.csproj", "{54F9B68C-D2D5-4AF9-8EA4-B129C618B6B4}"
EndProject
Project("{FAE04EC0-301F-11D3-BF4B-00C04F79EFBC}") = "Array3DJagged", "Array3DJagged\Array3DJagged.csproj", "{4FCEC104-7B8A-4D44-A32A-E26BA479BF3B}"
EndProject
Project("{FAE04EC0-301F-11D3-BF4B-00C04F79EFBC}") = "Methods", "Method\Methods.csproj", "{F7CD956E-7589-44F6-9162-F913332B9857}"
EndProject
Project("{FAE04EC0-301F-11D3-BF4B-00C04F79EFBC}") = "HwLesson35(Method)", "HwLesson35(Method)\HwLesson35(Method).csproj", "{98303EC5-7659-4235-968B-003F29F65C96}"
EndProject
Project("{FAE04EC0-301F-11D3-BF4B-00C04F79EFBC}") = "MhetodOverload", "MhetodOverload\MhetodOverload.csproj", "{05386D03-59B9-4667-9BD9-DEC539191BFE}"
EndProject
Project("{FAE04EC0-301F-11D3-BF4B-00C04F79EFBC}") = "ReferensAndValue", "ReferansAndValue\ReferensAndValue.csproj", "{040F2358-30D7-4B92-9FDF-CD99A95C7999}"
EndProject
Project("{FAE04EC0-301F-11D3-BF4B-00C04F79EFBC}") = "Null", "Null\Null.csproj", "{EA1F7C76-189A-43D2-A8E6-8FFEE7DDF833}"
EndProject
Project("{FAE04EC0-301F-11D3-BF4B-00C04F79EFBC}") = "ConsoleApp1", "ConsoleApp1\ConsoleApp1.csproj", "{37D2D3CF-3878-43CB-B9D9-5D04B744D9A8}"
EndProject
Project("{FAE04EC0-301F-11D3-BF4B-00C04F79EFBC}") = "ref", "ref\ref.csproj", "{89FD8AF7-EBE0-47BB-8584-3B63D1B44823}"
EndProject
Project("{FAE04EC0-301F-11D3-BF4B-00C04F79EFBC}") = "HwLesson43(ref)", "HwLesson43(ref)\HwLesson43(ref).csproj", "{E38BC9BC-2B9F-4034-B892-4ADC8DE186FC}"
EndProject
Project("{2150E333-8FDC-42A3-9474-1A3956D46DE8}") = "HomeWork", "HomeWork", "{A56C472A-11A1-4CEC-8C10-EE57529E193E}"
EndProject
Project("{FAE04EC0-301F-11D3-BF4B-00C04F79EFBC}") = "out", "out\out.csproj", "{9A5161F8-5C73-4CC2-9753-6C052BC097DB}"
EndProject
Project("{FAE04EC0-301F-11D3-BF4B-00C04F79EFBC}") = "in", "in\in.csproj", "{ADDCE4F6-57E7-4642-B825-6226FF0E095D}"
EndProject
Project("{FAE04EC0-301F-11D3-BF4B-00C04F79EFBC}") = "Params", "Params\Params.csproj", "{80AFA85D-5AF2-4736-8748-DCEFFB0543A9}"
EndProject
Project("{FAE04EC0-301F-11D3-BF4B-00C04F79EFBC}") = "ParamsOptional", "ParamsOptional\ParamsOptional.csproj", "{CCE8E837-14FF-4F04-B475-29B954D615BA}"
EndProject
Project("{FAE04EC0-301F-11D3-BF4B-00C04F79EFBC}") = "Recursion", "Recursion\Recursion.csproj", "{5294E530-3757-4568-A7DB-E5DEAE04F529}"
EndProject
Project("{FAE04EC0-301F-11D3-BF4B-00C04F79EFBC}") = "HwLesson49(Recursion)", "HwLesson49(Recursion)\HwLesson49(Recursion).csproj", "{BAFAF5D6-D997-48DF-8DAB-524AAE380A17}"
EndProject
Project("{2150E333-8FDC-42A3-9474-1A3956D46DE8}") = "OOP", "OOP", "{64F8329E-2825-49B1-9A6F-828EB4549BAB}"
EndProject
Project("{FAE04EC0-301F-11D3-BF4B-00C04F79EFBC}") = "Properties", "Properties\Properties.csproj", "{85FBC958-006C-4987-BEB0-716F2FE5A3DB}"
EndProject
Project("{FAE04EC0-301F-11D3-BF4B-00C04F79EFBC}") = "Static", "Static\Static.csproj", "{7DEAF700-EB91-4004-BCEE-CF420BF7A66B}"
EndProject
Project("{FAE04EC0-301F-11D3-BF4B-00C04F79EFBC}") = "Extension", "Extension\Extension.csproj", "{82802474-4043-4FC7-AF98-78185405DFFC}"
EndProject
Project("{FAE04EC0-301F-11D3-BF4B-00C04F79EFBC}") = "Inheritance", "Inheritance\Inheritance.csproj", "{30B542EE-6F91-488A-A88D-AB1E325CA49D}"
EndProject
Project("{FAE04EC0-301F-11D3-BF4B-00C04F79EFBC}") = "Interface", "Interface\Interface.csproj", "{5BC71424-A06D-4D0C-A15A-8F582E1E213A}"
EndProject
Project("{FAE04EC0-301F-11D3-BF4B-00C04F79EFBC}") = "AbstractClassAndMhetods", "AbstractClassAndMhetods\AbstractClassAndMhetods.csproj", "{727E4702-18B8-4EB8-A0D3-C0F230745087}"
EndProject
Project("{FAE04EC0-301F-11D3-BF4B-00C04F79EFBC}") = "Class", "Class\Class.csproj", "{D6488C6B-4548-477B-9213-D21262D27194}"
EndProject
Project("{FAE04EC0-301F-11D3-BF4B-00C04F79EFBC}") = "Base", "Base\Base.csproj", "{571420B7-58D7-4ACE-86BE-BDF750CC73D3}"
EndProject
Project("{FAE04EC0-301F-11D3-BF4B-00C04F79EFBC}") = "Enum", "Enumm\Enum.csproj", "{4D40544B-4642-416A-8917-F305FBEDB2FA}"
EndProject
Project("{FAE04EC0-301F-11D3-BF4B-00C04F79EFBC}") = "MyClassMhetods", "NyClassMhetods\MyClassMhetods.csproj", "{AD23D33A-2164-45D8-A239-BDB204AF3FE1}"
EndProject
Project("{FAE04EC0-301F-11D3-BF4B-00C04F79EFBC}") = "Polimorfizm", "Polimorfizm\Polimorfizm.csproj", "{E8B7B834-2405-4F24-978A-95A047173755}"
EndProject
Project("{FAE04EC0-301F-11D3-BF4B-00C04F79EFBC}") = "Protected", "Protected\Protected.csproj", "{AB06057E-64FF-4E97-93F0-AE2155BCFEB7}"
EndProject
Project("{FAE04EC0-301F-11D3-BF4B-00C04F79EFBC}") = "This", "This\This.csproj", "{7D5A2F59-275C-4810-995B-8094AEEFDB52}"
EndProject
Global
	GlobalSection(SolutionConfigurationPlatforms) = preSolution
		Debug|Any CPU = Debug|Any CPU
		Release|Any CPU = Release|Any CPU
	EndGlobalSection
	GlobalSection(ProjectConfigurationPlatforms) = postSolution
		{9FE92701-84A6-45D2-87A8-A76D56DA1D26}.Debug|Any CPU.ActiveCfg = Debug|Any CPU
		{9FE92701-84A6-45D2-87A8-A76D56DA1D26}.Debug|Any CPU.Build.0 = Debug|Any CPU
		{9FE92701-84A6-45D2-87A8-A76D56DA1D26}.Release|Any CPU.ActiveCfg = Release|Any CPU
		{9FE92701-84A6-45D2-87A8-A76D56DA1D26}.Release|Any CPU.Build.0 = Release|Any CPU
		{6CEF6900-09D7-4FE7-ABC2-959A71C048F9}.Debug|Any CPU.ActiveCfg = Debug|Any CPU
		{6CEF6900-09D7-4FE7-ABC2-959A71C048F9}.Debug|Any CPU.Build.0 = Debug|Any CPU
		{6CEF6900-09D7-4FE7-ABC2-959A71C048F9}.Release|Any CPU.ActiveCfg = Release|Any CPU
		{6CEF6900-09D7-4FE7-ABC2-959A71C048F9}.Release|Any CPU.Build.0 = Release|Any CPU
		{2B26F669-8A39-4536-AB9A-3244B2417935}.Debug|Any CPU.ActiveCfg = Debug|Any CPU
		{2B26F669-8A39-4536-AB9A-3244B2417935}.Debug|Any CPU.Build.0 = Debug|Any CPU
		{2B26F669-8A39-4536-AB9A-3244B2417935}.Release|Any CPU.ActiveCfg = Release|Any CPU
		{2B26F669-8A39-4536-AB9A-3244B2417935}.Release|Any CPU.Build.0 = Release|Any CPU
		{94AF25B0-EDBC-48BB-B090-256297D7C2F9}.Debug|Any CPU.ActiveCfg = Debug|Any CPU
		{94AF25B0-EDBC-48BB-B090-256297D7C2F9}.Debug|Any CPU.Build.0 = Debug|Any CPU
		{94AF25B0-EDBC-48BB-B090-256297D7C2F9}.Release|Any CPU.ActiveCfg = Release|Any CPU
		{94AF25B0-EDBC-48BB-B090-256297D7C2F9}.Release|Any CPU.Build.0 = Release|Any CPU
		{CAE3DAA3-F953-486D-91AA-86DC4683889E}.Debug|Any CPU.ActiveCfg = Debug|Any CPU
		{CAE3DAA3-F953-486D-91AA-86DC4683889E}.Debug|Any CPU.Build.0 = Debug|Any CPU
		{CAE3DAA3-F953-486D-91AA-86DC4683889E}.Release|Any CPU.ActiveCfg = Release|Any CPU
		{CAE3DAA3-F953-486D-91AA-86DC4683889E}.Release|Any CPU.Build.0 = Release|Any CPU
		{F71975FD-DFC3-4EF6-9AA1-07E873A9316E}.Debug|Any CPU.ActiveCfg = Debug|Any CPU
		{F71975FD-DFC3-4EF6-9AA1-07E873A9316E}.Debug|Any CPU.Build.0 = Debug|Any CPU
		{F71975FD-DFC3-4EF6-9AA1-07E873A9316E}.Release|Any CPU.ActiveCfg = Release|Any CPU
		{F71975FD-DFC3-4EF6-9AA1-07E873A9316E}.Release|Any CPU.Build.0 = Release|Any CPU
		{F6975C56-19AB-44F0-803C-7E38C4A4A119}.Debug|Any CPU.ActiveCfg = Debug|Any CPU
		{F6975C56-19AB-44F0-803C-7E38C4A4A119}.Debug|Any CPU.Build.0 = Debug|Any CPU
		{F6975C56-19AB-44F0-803C-7E38C4A4A119}.Release|Any CPU.ActiveCfg = Release|Any CPU
		{F6975C56-19AB-44F0-803C-7E38C4A4A119}.Release|Any CPU.Build.0 = Release|Any CPU
		{DBDCD463-E941-4EE7-8B4A-E1BAF28A14EC}.Debug|Any CPU.ActiveCfg = Debug|Any CPU
		{DBDCD463-E941-4EE7-8B4A-E1BAF28A14EC}.Debug|Any CPU.Build.0 = Debug|Any CPU
		{DBDCD463-E941-4EE7-8B4A-E1BAF28A14EC}.Release|Any CPU.ActiveCfg = Release|Any CPU
		{DBDCD463-E941-4EE7-8B4A-E1BAF28A14EC}.Release|Any CPU.Build.0 = Release|Any CPU
		{2D3DAD88-C9B5-4188-9DBE-07835C8A36B6}.Debug|Any CPU.ActiveCfg = Debug|Any CPU
		{2D3DAD88-C9B5-4188-9DBE-07835C8A36B6}.Debug|Any CPU.Build.0 = Debug|Any CPU
		{2D3DAD88-C9B5-4188-9DBE-07835C8A36B6}.Release|Any CPU.ActiveCfg = Release|Any CPU
		{2D3DAD88-C9B5-4188-9DBE-07835C8A36B6}.Release|Any CPU.Build.0 = Release|Any CPU
		{EAA06BE2-8561-427D-B4D4-E0AAA0EEDE79}.Debug|Any CPU.ActiveCfg = Debug|Any CPU
		{EAA06BE2-8561-427D-B4D4-E0AAA0EEDE79}.Debug|Any CPU.Build.0 = Debug|Any CPU
		{EAA06BE2-8561-427D-B4D4-E0AAA0EEDE79}.Release|Any CPU.ActiveCfg = Release|Any CPU
		{EAA06BE2-8561-427D-B4D4-E0AAA0EEDE79}.Release|Any CPU.Build.0 = Release|Any CPU
		{54F9B68C-D2D5-4AF9-8EA4-B129C618B6B4}.Debug|Any CPU.ActiveCfg = Debug|Any CPU
		{54F9B68C-D2D5-4AF9-8EA4-B129C618B6B4}.Debug|Any CPU.Build.0 = Debug|Any CPU
		{54F9B68C-D2D5-4AF9-8EA4-B129C618B6B4}.Release|Any CPU.ActiveCfg = Release|Any CPU
		{54F9B68C-D2D5-4AF9-8EA4-B129C618B6B4}.Release|Any CPU.Build.0 = Release|Any CPU
		{4FCEC104-7B8A-4D44-A32A-E26BA479BF3B}.Debug|Any CPU.ActiveCfg = Debug|Any CPU
		{4FCEC104-7B8A-4D44-A32A-E26BA479BF3B}.Debug|Any CPU.Build.0 = Debug|Any CPU
		{4FCEC104-7B8A-4D44-A32A-E26BA479BF3B}.Release|Any CPU.ActiveCfg = Release|Any CPU
		{4FCEC104-7B8A-4D44-A32A-E26BA479BF3B}.Release|Any CPU.Build.0 = Release|Any CPU
		{F7CD956E-7589-44F6-9162-F913332B9857}.Debug|Any CPU.ActiveCfg = Debug|Any CPU
		{F7CD956E-7589-44F6-9162-F913332B9857}.Debug|Any CPU.Build.0 = Debug|Any CPU
		{F7CD956E-7589-44F6-9162-F913332B9857}.Release|Any CPU.ActiveCfg = Release|Any CPU
		{F7CD956E-7589-44F6-9162-F913332B9857}.Release|Any CPU.Build.0 = Release|Any CPU
		{98303EC5-7659-4235-968B-003F29F65C96}.Debug|Any CPU.ActiveCfg = Debug|Any CPU
		{98303EC5-7659-4235-968B-003F29F65C96}.Debug|Any CPU.Build.0 = Debug|Any CPU
		{98303EC5-7659-4235-968B-003F29F65C96}.Release|Any CPU.ActiveCfg = Release|Any CPU
		{98303EC5-7659-4235-968B-003F29F65C96}.Release|Any CPU.Build.0 = Release|Any CPU
		{05386D03-59B9-4667-9BD9-DEC539191BFE}.Debug|Any CPU.ActiveCfg = Debug|Any CPU
		{05386D03-59B9-4667-9BD9-DEC539191BFE}.Debug|Any CPU.Build.0 = Debug|Any CPU
		{05386D03-59B9-4667-9BD9-DEC539191BFE}.Release|Any CPU.ActiveCfg = Release|Any CPU
		{05386D03-59B9-4667-9BD9-DEC539191BFE}.Release|Any CPU.Build.0 = Release|Any CPU
		{040F2358-30D7-4B92-9FDF-CD99A95C7999}.Debug|Any CPU.ActiveCfg = Debug|Any CPU
		{040F2358-30D7-4B92-9FDF-CD99A95C7999}.Debug|Any CPU.Build.0 = Debug|Any CPU
		{040F2358-30D7-4B92-9FDF-CD99A95C7999}.Release|Any CPU.ActiveCfg = Release|Any CPU
		{040F2358-30D7-4B92-9FDF-CD99A95C7999}.Release|Any CPU.Build.0 = Release|Any CPU
		{EA1F7C76-189A-43D2-A8E6-8FFEE7DDF833}.Debug|Any CPU.ActiveCfg = Debug|Any CPU
		{EA1F7C76-189A-43D2-A8E6-8FFEE7DDF833}.Debug|Any CPU.Build.0 = Debug|Any CPU
		{EA1F7C76-189A-43D2-A8E6-8FFEE7DDF833}.Release|Any CPU.ActiveCfg = Release|Any CPU
		{EA1F7C76-189A-43D2-A8E6-8FFEE7DDF833}.Release|Any CPU.Build.0 = Release|Any CPU
		{37D2D3CF-3878-43CB-B9D9-5D04B744D9A8}.Debug|Any CPU.ActiveCfg = Debug|Any CPU
		{37D2D3CF-3878-43CB-B9D9-5D04B744D9A8}.Debug|Any CPU.Build.0 = Debug|Any CPU
		{37D2D3CF-3878-43CB-B9D9-5D04B744D9A8}.Release|Any CPU.ActiveCfg = Release|Any CPU
		{37D2D3CF-3878-43CB-B9D9-5D04B744D9A8}.Release|Any CPU.Build.0 = Release|Any CPU
		{89FD8AF7-EBE0-47BB-8584-3B63D1B44823}.Debug|Any CPU.ActiveCfg = Debug|Any CPU
		{89FD8AF7-EBE0-47BB-8584-3B63D1B44823}.Debug|Any CPU.Build.0 = Debug|Any CPU
		{89FD8AF7-EBE0-47BB-8584-3B63D1B44823}.Release|Any CPU.ActiveCfg = Release|Any CPU
		{89FD8AF7-EBE0-47BB-8584-3B63D1B44823}.Release|Any CPU.Build.0 = Release|Any CPU
		{E38BC9BC-2B9F-4034-B892-4ADC8DE186FC}.Debug|Any CPU.ActiveCfg = Debug|Any CPU
		{E38BC9BC-2B9F-4034-B892-4ADC8DE186FC}.Debug|Any CPU.Build.0 = Debug|Any CPU
		{E38BC9BC-2B9F-4034-B892-4ADC8DE186FC}.Release|Any CPU.ActiveCfg = Release|Any CPU
		{E38BC9BC-2B9F-4034-B892-4ADC8DE186FC}.Release|Any CPU.Build.0 = Release|Any CPU
		{9A5161F8-5C73-4CC2-9753-6C052BC097DB}.Debug|Any CPU.ActiveCfg = Debug|Any CPU
		{9A5161F8-5C73-4CC2-9753-6C052BC097DB}.Debug|Any CPU.Build.0 = Debug|Any CPU
		{9A5161F8-5C73-4CC2-9753-6C052BC097DB}.Release|Any CPU.ActiveCfg = Release|Any CPU
		{9A5161F8-5C73-4CC2-9753-6C052BC097DB}.Release|Any CPU.Build.0 = Release|Any CPU
		{ADDCE4F6-57E7-4642-B825-6226FF0E095D}.Debug|Any CPU.ActiveCfg = Debug|Any CPU
		{ADDCE4F6-57E7-4642-B825-6226FF0E095D}.Debug|Any CPU.Build.0 = Debug|Any CPU
		{ADDCE4F6-57E7-4642-B825-6226FF0E095D}.Release|Any CPU.ActiveCfg = Release|Any CPU
		{ADDCE4F6-57E7-4642-B825-6226FF0E095D}.Release|Any CPU.Build.0 = Release|Any CPU
		{80AFA85D-5AF2-4736-8748-DCEFFB0543A9}.Debug|Any CPU.ActiveCfg = Debug|Any CPU
		{80AFA85D-5AF2-4736-8748-DCEFFB0543A9}.Debug|Any CPU.Build.0 = Debug|Any CPU
		{80AFA85D-5AF2-4736-8748-DCEFFB0543A9}.Release|Any CPU.ActiveCfg = Release|Any CPU
		{80AFA85D-5AF2-4736-8748-DCEFFB0543A9}.Release|Any CPU.Build.0 = Release|Any CPU
		{CCE8E837-14FF-4F04-B475-29B954D615BA}.Debug|Any CPU.ActiveCfg = Debug|Any CPU
		{CCE8E837-14FF-4F04-B475-29B954D615BA}.Debug|Any CPU.Build.0 = Debug|Any CPU
		{CCE8E837-14FF-4F04-B475-29B954D615BA}.Release|Any CPU.ActiveCfg = Release|Any CPU
		{CCE8E837-14FF-4F04-B475-29B954D615BA}.Release|Any CPU.Build.0 = Release|Any CPU
		{5294E530-3757-4568-A7DB-E5DEAE04F529}.Debug|Any CPU.ActiveCfg = Debug|Any CPU
		{5294E530-3757-4568-A7DB-E5DEAE04F529}.Debug|Any CPU.Build.0 = Debug|Any CPU
		{5294E530-3757-4568-A7DB-E5DEAE04F529}.Release|Any CPU.ActiveCfg = Release|Any CPU
		{5294E530-3757-4568-A7DB-E5DEAE04F529}.Release|Any CPU.Build.0 = Release|Any CPU
		{BAFAF5D6-D997-48DF-8DAB-524AAE380A17}.Debug|Any CPU.ActiveCfg = Debug|Any CPU
		{BAFAF5D6-D997-48DF-8DAB-524AAE380A17}.Debug|Any CPU.Build.0 = Debug|Any CPU
		{BAFAF5D6-D997-48DF-8DAB-524AAE380A17}.Release|Any CPU.ActiveCfg = Release|Any CPU
		{BAFAF5D6-D997-48DF-8DAB-524AAE380A17}.Release|Any CPU.Build.0 = Release|Any CPU
		{85FBC958-006C-4987-BEB0-716F2FE5A3DB}.Debug|Any CPU.ActiveCfg = Debug|Any CPU
		{85FBC958-006C-4987-BEB0-716F2FE5A3DB}.Debug|Any CPU.Build.0 = Debug|Any CPU
		{85FBC958-006C-4987-BEB0-716F2FE5A3DB}.Release|Any CPU.ActiveCfg = Release|Any CPU
		{85FBC958-006C-4987-BEB0-716F2FE5A3DB}.Release|Any CPU.Build.0 = Release|Any CPU
		{7DEAF700-EB91-4004-BCEE-CF420BF7A66B}.Debug|Any CPU.ActiveCfg = Debug|Any CPU
		{7DEAF700-EB91-4004-BCEE-CF420BF7A66B}.Debug|Any CPU.Build.0 = Debug|Any CPU
		{7DEAF700-EB91-4004-BCEE-CF420BF7A66B}.Release|Any CPU.ActiveCfg = Release|Any CPU
		{7DEAF700-EB91-4004-BCEE-CF420BF7A66B}.Release|Any CPU.Build.0 = Release|Any CPU
		{82802474-4043-4FC7-AF98-78185405DFFC}.Debug|Any CPU.ActiveCfg = Debug|Any CPU
		{82802474-4043-4FC7-AF98-78185405DFFC}.Debug|Any CPU.Build.0 = Debug|Any CPU
		{82802474-4043-4FC7-AF98-78185405DFFC}.Release|Any CPU.ActiveCfg = Release|Any CPU
		{82802474-4043-4FC7-AF98-78185405DFFC}.Release|Any CPU.Build.0 = Release|Any CPU
		{30B542EE-6F91-488A-A88D-AB1E325CA49D}.Debug|Any CPU.ActiveCfg = Debug|Any CPU
		{30B542EE-6F91-488A-A88D-AB1E325CA49D}.Debug|Any CPU.Build.0 = Debug|Any CPU
		{30B542EE-6F91-488A-A88D-AB1E325CA49D}.Release|Any CPU.ActiveCfg = Release|Any CPU
		{30B542EE-6F91-488A-A88D-AB1E325CA49D}.Release|Any CPU.Build.0 = Release|Any CPU
		{5BC71424-A06D-4D0C-A15A-8F582E1E213A}.Debug|Any CPU.ActiveCfg = Debug|Any CPU
		{5BC71424-A06D-4D0C-A15A-8F582E1E213A}.Debug|Any CPU.Build.0 = Debug|Any CPU
		{5BC71424-A06D-4D0C-A15A-8F582E1E213A}.Release|Any CPU.ActiveCfg = Release|Any CPU
		{5BC71424-A06D-4D0C-A15A-8F582E1E213A}.Release|Any CPU.Build.0 = Release|Any CPU
		{727E4702-18B8-4EB8-A0D3-C0F230745087}.Debug|Any CPU.ActiveCfg = Debug|Any CPU
		{727E4702-18B8-4EB8-A0D3-C0F230745087}.Debug|Any CPU.Build.0 = Debug|Any CPU
		{727E4702-18B8-4EB8-A0D3-C0F230745087}.Release|Any CPU.ActiveCfg = Release|Any CPU
		{727E4702-18B8-4EB8-A0D3-C0F230745087}.Release|Any CPU.Build.0 = Release|Any CPU
		{D6488C6B-4548-477B-9213-D21262D27194}.Debug|Any CPU.ActiveCfg = Debug|Any CPU
		{D6488C6B-4548-477B-9213-D21262D27194}.Debug|Any CPU.Build.0 = Debug|Any CPU
		{D6488C6B-4548-477B-9213-D21262D27194}.Release|Any CPU.ActiveCfg = Release|Any CPU
		{D6488C6B-4548-477B-9213-D21262D27194}.Release|Any CPU.Build.0 = Release|Any CPU
		{571420B7-58D7-4ACE-86BE-BDF750CC73D3}.Debug|Any CPU.ActiveCfg = Debug|Any CPU
		{571420B7-58D7-4ACE-86BE-BDF750CC73D3}.Debug|Any CPU.Build.0 = Debug|Any CPU
		{571420B7-58D7-4ACE-86BE-BDF750CC73D3}.Release|Any CPU.ActiveCfg = Release|Any CPU
		{571420B7-58D7-4ACE-86BE-BDF750CC73D3}.Release|Any CPU.Build.0 = Release|Any CPU
		{4D40544B-4642-416A-8917-F305FBEDB2FA}.Debug|Any CPU.ActiveCfg = Debug|Any CPU
		{4D40544B-4642-416A-8917-F305FBEDB2FA}.Debug|Any CPU.Build.0 = Debug|Any CPU
		{4D40544B-4642-416A-8917-F305FBEDB2FA}.Release|Any CPU.ActiveCfg = Release|Any CPU
		{4D40544B-4642-416A-8917-F305FBEDB2FA}.Release|Any CPU.Build.0 = Release|Any CPU
		{AD23D33A-2164-45D8-A239-BDB204AF3FE1}.Debug|Any CPU.ActiveCfg = Debug|Any CPU
		{AD23D33A-2164-45D8-A239-BDB204AF3FE1}.Debug|Any CPU.Build.0 = Debug|Any CPU
		{AD23D33A-2164-45D8-A239-BDB204AF3FE1}.Release|Any CPU.ActiveCfg = Release|Any CPU
		{AD23D33A-2164-45D8-A239-BDB204AF3FE1}.Release|Any CPU.Build.0 = Release|Any CPU
		{E8B7B834-2405-4F24-978A-95A047173755}.Debug|Any CPU.ActiveCfg = Debug|Any CPU
		{E8B7B834-2405-4F24-978A-95A047173755}.Debug|Any CPU.Build.0 = Debug|Any CPU
		{E8B7B834-2405-4F24-978A-95A047173755}.Release|Any CPU.ActiveCfg = Release|Any CPU
		{E8B7B834-2405-4F24-978A-95A047173755}.Release|Any CPU.Build.0 = Release|Any CPU
		{AB06057E-64FF-4E97-93F0-AE2155BCFEB7}.Debug|Any CPU.ActiveCfg = Debug|Any CPU
		{AB06057E-64FF-4E97-93F0-AE2155BCFEB7}.Debug|Any CPU.Build.0 = Debug|Any CPU
		{AB06057E-64FF-4E97-93F0-AE2155BCFEB7}.Release|Any CPU.ActiveCfg = Release|Any CPU
		{AB06057E-64FF-4E97-93F0-AE2155BCFEB7}.Release|Any CPU.Build.0 = Release|Any CPU
		{7D5A2F59-275C-4810-995B-8094AEEFDB52}.Debug|Any CPU.ActiveCfg = Debug|Any CPU
		{7D5A2F59-275C-4810-995B-8094AEEFDB52}.Debug|Any CPU.Build.0 = Debug|Any CPU
		{7D5A2F59-275C-4810-995B-8094AEEFDB52}.Release|Any CPU.ActiveCfg = Release|Any CPU
		{7D5A2F59-275C-4810-995B-8094AEEFDB52}.Release|Any CPU.Build.0 = Release|Any CPU
	EndGlobalSection
	GlobalSection(SolutionProperties) = preSolution
		HideSolutionNode = FALSE
	EndGlobalSection
	GlobalSection(NestedProjects) = preSolution
		{6CEF6900-09D7-4FE7-ABC2-959A71C048F9} = {A56C472A-11A1-4CEC-8C10-EE57529E193E}
		{2B26F669-8A39-4536-AB9A-3244B2417935} = {A56C472A-11A1-4CEC-8C10-EE57529E193E}
		{F71975FD-DFC3-4EF6-9AA1-07E873A9316E} = {A56C472A-11A1-4CEC-8C10-EE57529E193E}
		{98303EC5-7659-4235-968B-003F29F65C96} = {A56C472A-11A1-4CEC-8C10-EE57529E193E}
		{E38BC9BC-2B9F-4034-B892-4ADC8DE186FC} = {A56C472A-11A1-4CEC-8C10-EE57529E193E}
		{BAFAF5D6-D997-48DF-8DAB-524AAE380A17} = {A56C472A-11A1-4CEC-8C10-EE57529E193E}
		{85FBC958-006C-4987-BEB0-716F2FE5A3DB} = {64F8329E-2825-49B1-9A6F-828EB4549BAB}
		{7DEAF700-EB91-4004-BCEE-CF420BF7A66B} = {64F8329E-2825-49B1-9A6F-828EB4549BAB}
		{82802474-4043-4FC7-AF98-78185405DFFC} = {64F8329E-2825-49B1-9A6F-828EB4549BAB}
		{30B542EE-6F91-488A-A88D-AB1E325CA49D} = {64F8329E-2825-49B1-9A6F-828EB4549BAB}
		{5BC71424-A06D-4D0C-A15A-8F582E1E213A} = {64F8329E-2825-49B1-9A6F-828EB4549BAB}
		{727E4702-18B8-4EB8-A0D3-C0F230745087} = {64F8329E-2825-49B1-9A6F-828EB4549BAB}
	EndGlobalSection
	GlobalSection(ExtensibilityGlobals) = postSolution
		SolutionGuid = {8566EFB7-62D2-4062-ABC9-E839654A81A8}
	EndGlobalSection
EndGlobal
