
Microsoft Visual Studio Solution File, Format Version 12.00
# Visual Studio 15
VisualStudioVersion = 15.0.28307.1340
MinimumVisualStudioVersion = 10.0.40219.1
Project("{FAE04EC0-301F-11D3-BF4B-00C04F79EFBC}") = "Lesson2", "Lesson2\Lesson2.csproj", "{0265BD1C-F444-452F-A211-8633E41DC643}"
EndProject
Project("{FAE04EC0-301F-11D3-BF4B-00C04F79EFBC}") = "L2_1", "L1_1\L2_1.csproj", "{6F846645-080C-4CE5-9497-7107AFE5BE51}"
EndProject
Project("{FAE04EC0-301F-11D3-BF4B-00C04F79EFBC}") = "L2_2", "L2_2\L2_2.csproj", "{8C53EFFE-B2AB-4D61-AA00-60621123018F}"
EndProject
Project("{FAE04EC0-301F-11D3-BF4B-00C04F79EFBC}") = "L2_3", "L2_3\L2_3.csproj", "{4A3CC187-E188-46A0-8AB1-F42353282EB1}"
EndProject
Project("{FAE04EC0-301F-11D3-BF4B-00C04F79EFBC}") = "L2_4", "L2_4\L2_4.csproj", "{1AA16AA7-5C77-492B-94AE-4A3E84C4DDDE}"
EndProject
Project("{FAE04EC0-301F-11D3-BF4B-00C04F79EFBC}") = "L2_5", "L2_5\L2_5.csproj", "{B6C2D21A-A487-43CE-BC65-863582972349}"
EndProject
Project("{FAE04EC0-301F-11D3-BF4B-00C04F79EFBC}") = "L2_6", "L2_6\L2_6.csproj", "{44B1D121-059C-44FC-8C77-6B3EFAC4B2E6}"
EndProject
Project("{FAE04EC0-301F-11D3-BF4B-00C04F79EFBC}") = "L2_7", "L2_7\L2_7.csproj", "{2A2FFB22-5A81-4B38-B8C0-BF7EEFB3FACA}"
EndProject
Project("{FAE04EC0-301F-11D3-BF4B-00C04F79EFBC}") = "L2_8", "L2_8\L2_8.csproj", "{F0B730E7-CDBD-4DD8-9D8B-2BE2A9D2A4D9}"
EndProject
Project("{FAE04EC0-301F-11D3-BF4B-00C04F79EFBC}") = "HW2_1", "HW2_1\HW2_1.csproj", "{581EBA20-CD51-47A7-BFC5-318B1B7A774F}"
EndProject
Project("{FAE04EC0-301F-11D3-BF4B-00C04F79EFBC}") = "HW2_2", "HW2_2\HW2_2.csproj", "{A2819696-286F-4027-A2A8-D77A353E66E5}"
EndProject
Project("{FAE04EC0-301F-11D3-BF4B-00C04F79EFBC}") = "HW2_3", "HW2_3\HW2_3.csproj", "{4A5D026B-B3EF-4C45-97EC-8B31F6D47C4E}"
EndProject
Project("{FAE04EC0-301F-11D3-BF4B-00C04F79EFBC}") = "HW2_4", "HW2_4\HW2_4.csproj", "{E1A6A7C6-F2E3-4FDD-B750-4CCA443D5622}"
EndProject
Project("{FAE04EC0-301F-11D3-BF4B-00C04F79EFBC}") = "HW2_5", "HW2_5\HW2_5.csproj", "{F8C5FCCC-C4B2-4EA3-BDB8-8A84D9A36C77}"
EndProject
Project("{FAE04EC0-301F-11D3-BF4B-00C04F79EFBC}") = "HW2_6", "HW2_6\HW2_6.csproj", "{D03F30F5-A652-4FC8-9FEA-6C3F0FD7E776}"
EndProject
Project("{FAE04EC0-301F-11D3-BF4B-00C04F79EFBC}") = "HW2_7", "HW2_7\HW2_7.csproj", "{9D609481-F4E7-4ABF-959D-6F1895DE8543}"
EndProject
Project("{FAE04EC0-301F-11D3-BF4B-00C04F79EFBC}") = "HW2_8", "HW2_8\HW2_8.csproj", "{C6A0DF46-57A9-4E3C-90CB-95108FF800DE}"
EndProject
Project("{FAE04EC0-301F-11D3-BF4B-00C04F79EFBC}") = "AutoLoginPass", "AutoLoginPass\AutoLoginPass.csproj", "{2BF0BDD9-04B4-48A5-8BE1-50D4152A9E24}"
EndProject
Global
	GlobalSection(SolutionConfigurationPlatforms) = preSolution
		Debug|Any CPU = Debug|Any CPU
		Release|Any CPU = Release|Any CPU
	EndGlobalSection
	GlobalSection(ProjectConfigurationPlatforms) = postSolution
		{0265BD1C-F444-452F-A211-8633E41DC643}.Debug|Any CPU.ActiveCfg = Debug|Any CPU
		{0265BD1C-F444-452F-A211-8633E41DC643}.Debug|Any CPU.Build.0 = Debug|Any CPU
		{0265BD1C-F444-452F-A211-8633E41DC643}.Release|Any CPU.ActiveCfg = Release|Any CPU
		{0265BD1C-F444-452F-A211-8633E41DC643}.Release|Any CPU.Build.0 = Release|Any CPU
		{6F846645-080C-4CE5-9497-7107AFE5BE51}.Debug|Any CPU.ActiveCfg = Debug|Any CPU
		{6F846645-080C-4CE5-9497-7107AFE5BE51}.Debug|Any CPU.Build.0 = Debug|Any CPU
		{6F846645-080C-4CE5-9497-7107AFE5BE51}.Release|Any CPU.ActiveCfg = Release|Any CPU
		{6F846645-080C-4CE5-9497-7107AFE5BE51}.Release|Any CPU.Build.0 = Release|Any CPU
		{8C53EFFE-B2AB-4D61-AA00-60621123018F}.Debug|Any CPU.ActiveCfg = Debug|Any CPU
		{8C53EFFE-B2AB-4D61-AA00-60621123018F}.Debug|Any CPU.Build.0 = Debug|Any CPU
		{8C53EFFE-B2AB-4D61-AA00-60621123018F}.Release|Any CPU.ActiveCfg = Release|Any CPU
		{8C53EFFE-B2AB-4D61-AA00-60621123018F}.Release|Any CPU.Build.0 = Release|Any CPU
		{4A3CC187-E188-46A0-8AB1-F42353282EB1}.Debug|Any CPU.ActiveCfg = Debug|Any CPU
		{4A3CC187-E188-46A0-8AB1-F42353282EB1}.Debug|Any CPU.Build.0 = Debug|Any CPU
		{4A3CC187-E188-46A0-8AB1-F42353282EB1}.Release|Any CPU.ActiveCfg = Release|Any CPU
		{4A3CC187-E188-46A0-8AB1-F42353282EB1}.Release|Any CPU.Build.0 = Release|Any CPU
		{1AA16AA7-5C77-492B-94AE-4A3E84C4DDDE}.Debug|Any CPU.ActiveCfg = Debug|Any CPU
		{1AA16AA7-5C77-492B-94AE-4A3E84C4DDDE}.Debug|Any CPU.Build.0 = Debug|Any CPU
		{1AA16AA7-5C77-492B-94AE-4A3E84C4DDDE}.Release|Any CPU.ActiveCfg = Release|Any CPU
		{1AA16AA7-5C77-492B-94AE-4A3E84C4DDDE}.Release|Any CPU.Build.0 = Release|Any CPU
		{B6C2D21A-A487-43CE-BC65-863582972349}.Debug|Any CPU.ActiveCfg = Debug|Any CPU
		{B6C2D21A-A487-43CE-BC65-863582972349}.Debug|Any CPU.Build.0 = Debug|Any CPU
		{B6C2D21A-A487-43CE-BC65-863582972349}.Release|Any CPU.ActiveCfg = Release|Any CPU
		{B6C2D21A-A487-43CE-BC65-863582972349}.Release|Any CPU.Build.0 = Release|Any CPU
		{44B1D121-059C-44FC-8C77-6B3EFAC4B2E6}.Debug|Any CPU.ActiveCfg = Debug|Any CPU
		{44B1D121-059C-44FC-8C77-6B3EFAC4B2E6}.Debug|Any CPU.Build.0 = Debug|Any CPU
		{44B1D121-059C-44FC-8C77-6B3EFAC4B2E6}.Release|Any CPU.ActiveCfg = Release|Any CPU
		{44B1D121-059C-44FC-8C77-6B3EFAC4B2E6}.Release|Any CPU.Build.0 = Release|Any CPU
		{2A2FFB22-5A81-4B38-B8C0-BF7EEFB3FACA}.Debug|Any CPU.ActiveCfg = Debug|Any CPU
		{2A2FFB22-5A81-4B38-B8C0-BF7EEFB3FACA}.Debug|Any CPU.Build.0 = Debug|Any CPU
		{2A2FFB22-5A81-4B38-B8C0-BF7EEFB3FACA}.Release|Any CPU.ActiveCfg = Release|Any CPU
		{2A2FFB22-5A81-4B38-B8C0-BF7EEFB3FACA}.Release|Any CPU.Build.0 = Release|Any CPU
		{F0B730E7-CDBD-4DD8-9D8B-2BE2A9D2A4D9}.Debug|Any CPU.ActiveCfg = Debug|Any CPU
		{F0B730E7-CDBD-4DD8-9D8B-2BE2A9D2A4D9}.Debug|Any CPU.Build.0 = Debug|Any CPU
		{F0B730E7-CDBD-4DD8-9D8B-2BE2A9D2A4D9}.Release|Any CPU.ActiveCfg = Release|Any CPU
		{F0B730E7-CDBD-4DD8-9D8B-2BE2A9D2A4D9}.Release|Any CPU.Build.0 = Release|Any CPU
		{581EBA20-CD51-47A7-BFC5-318B1B7A774F}.Debug|Any CPU.ActiveCfg = Debug|Any CPU
		{581EBA20-CD51-47A7-BFC5-318B1B7A774F}.Debug|Any CPU.Build.0 = Debug|Any CPU
		{581EBA20-CD51-47A7-BFC5-318B1B7A774F}.Release|Any CPU.ActiveCfg = Release|Any CPU
		{581EBA20-CD51-47A7-BFC5-318B1B7A774F}.Release|Any CPU.Build.0 = Release|Any CPU
		{A2819696-286F-4027-A2A8-D77A353E66E5}.Debug|Any CPU.ActiveCfg = Debug|Any CPU
		{A2819696-286F-4027-A2A8-D77A353E66E5}.Debug|Any CPU.Build.0 = Debug|Any CPU
		{A2819696-286F-4027-A2A8-D77A353E66E5}.Release|Any CPU.ActiveCfg = Release|Any CPU
		{A2819696-286F-4027-A2A8-D77A353E66E5}.Release|Any CPU.Build.0 = Release|Any CPU
		{4A5D026B-B3EF-4C45-97EC-8B31F6D47C4E}.Debug|Any CPU.ActiveCfg = Debug|Any CPU
		{4A5D026B-B3EF-4C45-97EC-8B31F6D47C4E}.Debug|Any CPU.Build.0 = Debug|Any CPU
		{4A5D026B-B3EF-4C45-97EC-8B31F6D47C4E}.Release|Any CPU.ActiveCfg = Release|Any CPU
		{4A5D026B-B3EF-4C45-97EC-8B31F6D47C4E}.Release|Any CPU.Build.0 = Release|Any CPU
		{E1A6A7C6-F2E3-4FDD-B750-4CCA443D5622}.Debug|Any CPU.ActiveCfg = Debug|Any CPU
		{E1A6A7C6-F2E3-4FDD-B750-4CCA443D5622}.Debug|Any CPU.Build.0 = Debug|Any CPU
		{E1A6A7C6-F2E3-4FDD-B750-4CCA443D5622}.Release|Any CPU.ActiveCfg = Release|Any CPU
		{E1A6A7C6-F2E3-4FDD-B750-4CCA443D5622}.Release|Any CPU.Build.0 = Release|Any CPU
		{F8C5FCCC-C4B2-4EA3-BDB8-8A84D9A36C77}.Debug|Any CPU.ActiveCfg = Debug|Any CPU
		{F8C5FCCC-C4B2-4EA3-BDB8-8A84D9A36C77}.Debug|Any CPU.Build.0 = Debug|Any CPU
		{F8C5FCCC-C4B2-4EA3-BDB8-8A84D9A36C77}.Release|Any CPU.ActiveCfg = Release|Any CPU
		{F8C5FCCC-C4B2-4EA3-BDB8-8A84D9A36C77}.Release|Any CPU.Build.0 = Release|Any CPU
		{D03F30F5-A652-4FC8-9FEA-6C3F0FD7E776}.Debug|Any CPU.ActiveCfg = Debug|Any CPU
		{D03F30F5-A652-4FC8-9FEA-6C3F0FD7E776}.Debug|Any CPU.Build.0 = Debug|Any CPU
		{D03F30F5-A652-4FC8-9FEA-6C3F0FD7E776}.Release|Any CPU.ActiveCfg = Release|Any CPU
		{D03F30F5-A652-4FC8-9FEA-6C3F0FD7E776}.Release|Any CPU.Build.0 = Release|Any CPU
		{9D609481-F4E7-4ABF-959D-6F1895DE8543}.Debug|Any CPU.ActiveCfg = Debug|Any CPU
		{9D609481-F4E7-4ABF-959D-6F1895DE8543}.Debug|Any CPU.Build.0 = Debug|Any CPU
		{9D609481-F4E7-4ABF-959D-6F1895DE8543}.Release|Any CPU.ActiveCfg = Release|Any CPU
		{9D609481-F4E7-4ABF-959D-6F1895DE8543}.Release|Any CPU.Build.0 = Release|Any CPU
		{C6A0DF46-57A9-4E3C-90CB-95108FF800DE}.Debug|Any CPU.ActiveCfg = Debug|Any CPU
		{C6A0DF46-57A9-4E3C-90CB-95108FF800DE}.Debug|Any CPU.Build.0 = Debug|Any CPU
		{C6A0DF46-57A9-4E3C-90CB-95108FF800DE}.Release|Any CPU.ActiveCfg = Release|Any CPU
		{C6A0DF46-57A9-4E3C-90CB-95108FF800DE}.Release|Any CPU.Build.0 = Release|Any CPU
		{2BF0BDD9-04B4-48A5-8BE1-50D4152A9E24}.Debug|Any CPU.ActiveCfg = Debug|Any CPU
		{2BF0BDD9-04B4-48A5-8BE1-50D4152A9E24}.Debug|Any CPU.Build.0 = Debug|Any CPU
		{2BF0BDD9-04B4-48A5-8BE1-50D4152A9E24}.Release|Any CPU.ActiveCfg = Release|Any CPU
		{2BF0BDD9-04B4-48A5-8BE1-50D4152A9E24}.Release|Any CPU.Build.0 = Release|Any CPU
	EndGlobalSection
	GlobalSection(SolutionProperties) = preSolution
		HideSolutionNode = FALSE
	EndGlobalSection
	GlobalSection(ExtensibilityGlobals) = postSolution
		SolutionGuid = {90BCB6AC-FE07-4276-8FBD-03A643E8701F}
	EndGlobalSection
EndGlobal
