
Microsoft Visual Studio Solution File, Format Version 12.00
# Visual Studio Version 16
VisualStudioVersion = 16.0.31702.278
MinimumVisualStudioVersion = 10.0.40219.1
Project("{FAE04EC0-301F-11D3-BF4B-00C04F79EFBC}") = "Publisher", "Publisher\Publisher.csproj", "{312ECEA4-CAF1-430C-912F-2A41D1580933}"
EndProject
Project("{FAE04EC0-301F-11D3-BF4B-00C04F79EFBC}") = "Consumer", "Consumer\Consumer.csproj", "{87A910DE-89E1-4C4C-A74F-22214A62F3AB}"
EndProject
Global
	GlobalSection(SolutionConfigurationPlatforms) = preSolution
		Debug|Any CPU = Debug|Any CPU
		Release|Any CPU = Release|Any CPU
	EndGlobalSection
	GlobalSection(ProjectConfigurationPlatforms) = postSolution
		{312ECEA4-CAF1-430C-912F-2A41D1580933}.Debug|Any CPU.ActiveCfg = Debug|Any CPU
		{312ECEA4-CAF1-430C-912F-2A41D1580933}.Debug|Any CPU.Build.0 = Debug|Any CPU
		{312ECEA4-CAF1-430C-912F-2A41D1580933}.Release|Any CPU.ActiveCfg = Release|Any CPU
		{312ECEA4-CAF1-430C-912F-2A41D1580933}.Release|Any CPU.Build.0 = Release|Any CPU
		{87A910DE-89E1-4C4C-A74F-22214A62F3AB}.Debug|Any CPU.ActiveCfg = Debug|Any CPU
		{87A910DE-89E1-4C4C-A74F-22214A62F3AB}.Debug|Any CPU.Build.0 = Debug|Any CPU
		{87A910DE-89E1-4C4C-A74F-22214A62F3AB}.Release|Any CPU.ActiveCfg = Release|Any CPU
		{87A910DE-89E1-4C4C-A74F-22214A62F3AB}.Release|Any CPU.Build.0 = Release|Any CPU
	EndGlobalSection
	GlobalSection(SolutionProperties) = preSolution
		HideSolutionNode = FALSE
	EndGlobalSection
	GlobalSection(ExtensibilityGlobals) = postSolution
		SolutionGuid = {3E889299-888D-4CE3-8A47-6F29FDAE6C7A}
	EndGlobalSection
EndGlobal
