
Microsoft Visual Studio Solution File, Format Version 12.00
# Visual Studio Version 16
VisualStudioVersion = 16.0.31702.278
MinimumVisualStudioVersion = 10.0.40219.1
Project("{FAE04EC0-301F-11D3-BF4B-00C04F79EFBC}") = "StreamTest", "StreamTest\StreamTest.csproj", "{95BA33CD-90ED-4D18-9EF8-785E4C5E5ACF}"
EndProject
Global
	GlobalSection(SolutionConfigurationPlatforms) = preSolution
		Debug|Any CPU = Debug|Any CPU
		Release|Any CPU = Release|Any CPU
	EndGlobalSection
	GlobalSection(ProjectConfigurationPlatforms) = postSolution
		{95BA33CD-90ED-4D18-9EF8-785E4C5E5ACF}.Debug|Any CPU.ActiveCfg = Debug|Any CPU
		{95BA33CD-90ED-4D18-9EF8-785E4C5E5ACF}.Debug|Any CPU.Build.0 = Debug|Any CPU
		{95BA33CD-90ED-4D18-9EF8-785E4C5E5ACF}.Release|Any CPU.ActiveCfg = Release|Any CPU
		{95BA33CD-90ED-4D18-9EF8-785E4C5E5ACF}.Release|Any CPU.Build.0 = Release|Any CPU
	EndGlobalSection
	GlobalSection(SolutionProperties) = preSolution
		HideSolutionNode = FALSE
	EndGlobalSection
	GlobalSection(ExtensibilityGlobals) = postSolution
		SolutionGuid = {4701C206-0842-4E15-BFA7-C9D4B36DEAC0}
	EndGlobalSection
EndGlobal
