
Microsoft Visual Studio Solution File, Format Version 12.00
# Visual Studio 15
VisualStudioVersion = 15.0.28307.1340
MinimumVisualStudioVersion = 10.0.40219.1
Project("{FAE04EC0-301F-11D3-BF4B-00C04F79EFBC}") = "DataTimeTest", "DataTimeTest\DataTimeTest.csproj", "{736D731A-2547-46C5-A19B-8BA664E17D1C}"
EndProject
Global
	GlobalSection(SolutionConfigurationPlatforms) = preSolution
		Debug|Any CPU = Debug|Any CPU
		Release|Any CPU = Release|Any CPU
	EndGlobalSection
	GlobalSection(ProjectConfigurationPlatforms) = postSolution
		{736D731A-2547-46C5-A19B-8BA664E17D1C}.Debug|Any CPU.ActiveCfg = Debug|Any CPU
		{736D731A-2547-46C5-A19B-8BA664E17D1C}.Debug|Any CPU.Build.0 = Debug|Any CPU
		{736D731A-2547-46C5-A19B-8BA664E17D1C}.Release|Any CPU.ActiveCfg = Release|Any CPU
		{736D731A-2547-46C5-A19B-8BA664E17D1C}.Release|Any CPU.Build.0 = Release|Any CPU
	EndGlobalSection
	GlobalSection(SolutionProperties) = preSolution
		HideSolutionNode = FALSE
	EndGlobalSection
	GlobalSection(ExtensibilityGlobals) = postSolution
		SolutionGuid = {6D24C995-4144-44D8-9EC0-F00D8D05A396}
	EndGlobalSection
EndGlobal
