
Microsoft Visual Studio Solution File, Format Version 12.00
# Visual Studio 15
VisualStudioVersion = 15.0.28307.1340
MinimumVisualStudioVersion = 10.0.40219.1
Project("{FAE04EC0-301F-11D3-BF4B-00C04F79EFBC}") = "Hello", "Hello\Hello.csproj", "{1159F173-F279-45D0-B217-98B7343F27D5}"
EndProject
Global
	GlobalSection(SolutionConfigurationPlatforms) = preSolution
		Debug|Any CPU = Debug|Any CPU
		Release|Any CPU = Release|Any CPU
	EndGlobalSection
	GlobalSection(ProjectConfigurationPlatforms) = postSolution
		{1159F173-F279-45D0-B217-98B7343F27D5}.Debug|Any CPU.ActiveCfg = Debug|Any CPU
		{1159F173-F279-45D0-B217-98B7343F27D5}.Debug|Any CPU.Build.0 = Debug|Any CPU
		{1159F173-F279-45D0-B217-98B7343F27D5}.Release|Any CPU.ActiveCfg = Release|Any CPU
		{1159F173-F279-45D0-B217-98B7343F27D5}.Release|Any CPU.Build.0 = Release|Any CPU
	EndGlobalSection
	GlobalSection(SolutionProperties) = preSolution
		HideSolutionNode = FALSE
	EndGlobalSection
	GlobalSection(ExtensibilityGlobals) = postSolution
		SolutionGuid = {0FB203E8-B738-4915-80E8-0543D0E85405}
	EndGlobalSection
EndGlobal
