
Microsoft Visual Studio Solution File, Format Version 12.00
# Visual Studio Version 16
VisualStudioVersion = 16.0.31702.278
MinimumVisualStudioVersion = 10.0.40219.1
Project("{FAE04EC0-301F-11D3-BF4B-00C04F79EFBC}") = "TestApp", "TestApp\TestApp.csproj", "{A9B870DC-4927-4A9D-B60A-9B4B5E0B6A3C}"
EndProject
Project("{FAE04EC0-301F-11D3-BF4B-00C04F79EFBC}") = "delegateTest", "delegateTest\delegateTest.csproj", "{2DCF2ACB-3744-4B92-B401-C50A18D80092}"
EndProject
Project("{FAE04EC0-301F-11D3-BF4B-00C04F79EFBC}") = "EventTest", "EventTest\EventTest.csproj", "{7BFE577D-DCE7-43F2-8A33-AE863A09E1CA}"
EndProject
Project("{FAE04EC0-301F-11D3-BF4B-00C04F79EFBC}") = "MoreEvents", "MoreEvents\MoreEvents.csproj", "{C5C6D39D-B25F-489A-8341-C6C4A5D55CCC}"
EndProject
Project("{FAE04EC0-301F-11D3-BF4B-00C04F79EFBC}") = "Multithreads", "Multithreads\Multithreads.csproj", "{813F92DE-0A35-4001-A3C0-B71B6748B4A5}"
EndProject
Project("{9A19103F-16F7-4668-BE54-9A1E7A4F7556}") = "Locker", "Locker\Locker.csproj", "{90D870F9-5704-4FC2-A108-AFA751294123}"
EndProject
Project("{FAE04EC0-301F-11D3-BF4B-00C04F79EFBC}") = "SemaphoreTest", "SemaphoreTest\SemaphoreTest.csproj", "{520553B0-59A7-4D50-949E-236C9B241A1C}"
EndProject
Project("{FAE04EC0-301F-11D3-BF4B-00C04F79EFBC}") = "TaskApp", "TaskApp\TaskApp.csproj", "{41F8EF94-938F-4FAB-9AAB-894852D20C93}"
EndProject
Project("{FAE04EC0-301F-11D3-BF4B-00C04F79EFBC}") = "AsyncApp", "AsyncApp\AsyncApp.csproj", "{FF036962-7799-4366-B631-A2C8769E05F1}"
EndProject
Project("{FAE04EC0-301F-11D3-BF4B-00C04F79EFBC}") = "BoobleSort", "BoobleSort\BoobleSort.csproj", "{FA85C680-C9CA-4B5A-AF41-278FD75543B8}"
EndProject
Project("{FAE04EC0-301F-11D3-BF4B-00C04F79EFBC}") = "IEnumeravleAndIEnumerator", "IEnumeravleAndIEnumerator\IEnumeravleAndIEnumerator.csproj", "{F71C2FEB-0188-470E-ACFD-86E2A6E3A09D}"
EndProject
Project("{FAE04EC0-301F-11D3-BF4B-00C04F79EFBC}") = "YieldReturn", "YieldReturn\YieldReturn.csproj", "{BE0BAF89-13D0-453E-BE87-25829B5FCD95}"
EndProject
Project("{FAE04EC0-301F-11D3-BF4B-00C04F79EFBC}") = "Indexator", "Indexator\Indexator.csproj", "{E472A28A-A176-460F-BE7C-A90AE4E5A3F4}"
EndProject
Project("{FAE04EC0-301F-11D3-BF4B-00C04F79EFBC}") = "Indexator2", "Indexator2\Indexator2.csproj", "{EE9C7457-2EE6-4426-A5A6-393C67FD77F2}"
EndProject
Project("{FAE04EC0-301F-11D3-BF4B-00C04F79EFBC}") = "OverloadIndex", "OverloadIndex\OverloadIndex.csproj", "{FE3B6874-F7FF-4E2C-84C6-52570975D89D}"
EndProject
Project("{FAE04EC0-301F-11D3-BF4B-00C04F79EFBC}") = "BinarySearch", "BinarySearch\BinarySearch.csproj", "{19DEF7DE-17C4-4CBD-B60E-D1E116FAF0E9}"
EndProject
Project("{2150E333-8FDC-42A3-9474-1A3956D46DE8}") = "Algorithms", "Algorithms", "{366497AE-7D01-408A-BDB6-F2B47D201D7C}"
EndProject
Project("{2150E333-8FDC-42A3-9474-1A3956D46DE8}") = "Enumeration", "Enumeration", "{28CB157A-8108-4C0D-8F41-256C3AF73998}"
EndProject
Project("{2150E333-8FDC-42A3-9474-1A3956D46DE8}") = "Multithreading", "Multithreading", "{52559946-7DF6-463E-89B5-B4D5976A06B1}"
EndProject
Project("{2150E333-8FDC-42A3-9474-1A3956D46DE8}") = "DelegateEvents", "DelegateEvents", "{EC2456AC-8861-40BF-B1B3-B24ED93BDBB0}"
EndProject
Project("{FAE04EC0-301F-11D3-BF4B-00C04F79EFBC}") = "QuickSort", "QuickSort\QuickSort.csproj", "{3953826A-1F9E-4360-AAA7-5AE0748CB84F}"
EndProject
Project("{FAE04EC0-301F-11D3-BF4B-00C04F79EFBC}") = "HashTable", "HashTable\HashTable.csproj", "{EAB531B6-EB67-4F25-991B-5A241CAEDE3E}"
EndProject
Project("{FAE04EC0-301F-11D3-BF4B-00C04F79EFBC}") = "HashTableDublicate", "HashTableDublicate\HashTableDublicate.csproj", "{FB9FC9C9-ECA4-4158-9C19-4A824F4C45D3}"
EndProject
Global
	GlobalSection(SolutionConfigurationPlatforms) = preSolution
		Debug|Any CPU = Debug|Any CPU
		Release|Any CPU = Release|Any CPU
	EndGlobalSection
	GlobalSection(ProjectConfigurationPlatforms) = postSolution
		{A9B870DC-4927-4A9D-B60A-9B4B5E0B6A3C}.Debug|Any CPU.ActiveCfg = Debug|Any CPU
		{A9B870DC-4927-4A9D-B60A-9B4B5E0B6A3C}.Debug|Any CPU.Build.0 = Debug|Any CPU
		{A9B870DC-4927-4A9D-B60A-9B4B5E0B6A3C}.Release|Any CPU.ActiveCfg = Release|Any CPU
		{A9B870DC-4927-4A9D-B60A-9B4B5E0B6A3C}.Release|Any CPU.Build.0 = Release|Any CPU
		{2DCF2ACB-3744-4B92-B401-C50A18D80092}.Debug|Any CPU.ActiveCfg = Debug|Any CPU
		{2DCF2ACB-3744-4B92-B401-C50A18D80092}.Debug|Any CPU.Build.0 = Debug|Any CPU
		{2DCF2ACB-3744-4B92-B401-C50A18D80092}.Release|Any CPU.ActiveCfg = Release|Any CPU
		{2DCF2ACB-3744-4B92-B401-C50A18D80092}.Release|Any CPU.Build.0 = Release|Any CPU
		{7BFE577D-DCE7-43F2-8A33-AE863A09E1CA}.Debug|Any CPU.ActiveCfg = Debug|Any CPU
		{7BFE577D-DCE7-43F2-8A33-AE863A09E1CA}.Debug|Any CPU.Build.0 = Debug|Any CPU
		{7BFE577D-DCE7-43F2-8A33-AE863A09E1CA}.Release|Any CPU.ActiveCfg = Release|Any CPU
		{7BFE577D-DCE7-43F2-8A33-AE863A09E1CA}.Release|Any CPU.Build.0 = Release|Any CPU
		{C5C6D39D-B25F-489A-8341-C6C4A5D55CCC}.Debug|Any CPU.ActiveCfg = Debug|Any CPU
		{C5C6D39D-B25F-489A-8341-C6C4A5D55CCC}.Debug|Any CPU.Build.0 = Debug|Any CPU
		{C5C6D39D-B25F-489A-8341-C6C4A5D55CCC}.Release|Any CPU.ActiveCfg = Release|Any CPU
		{C5C6D39D-B25F-489A-8341-C6C4A5D55CCC}.Release|Any CPU.Build.0 = Release|Any CPU
		{813F92DE-0A35-4001-A3C0-B71B6748B4A5}.Debug|Any CPU.ActiveCfg = Debug|Any CPU
		{813F92DE-0A35-4001-A3C0-B71B6748B4A5}.Debug|Any CPU.Build.0 = Debug|Any CPU
		{813F92DE-0A35-4001-A3C0-B71B6748B4A5}.Release|Any CPU.ActiveCfg = Release|Any CPU
		{813F92DE-0A35-4001-A3C0-B71B6748B4A5}.Release|Any CPU.Build.0 = Release|Any CPU
		{90D870F9-5704-4FC2-A108-AFA751294123}.Debug|Any CPU.ActiveCfg = Debug|Any CPU
		{90D870F9-5704-4FC2-A108-AFA751294123}.Debug|Any CPU.Build.0 = Debug|Any CPU
		{90D870F9-5704-4FC2-A108-AFA751294123}.Release|Any CPU.ActiveCfg = Release|Any CPU
		{90D870F9-5704-4FC2-A108-AFA751294123}.Release|Any CPU.Build.0 = Release|Any CPU
		{520553B0-59A7-4D50-949E-236C9B241A1C}.Debug|Any CPU.ActiveCfg = Debug|Any CPU
		{520553B0-59A7-4D50-949E-236C9B241A1C}.Debug|Any CPU.Build.0 = Debug|Any CPU
		{520553B0-59A7-4D50-949E-236C9B241A1C}.Release|Any CPU.ActiveCfg = Release|Any CPU
		{520553B0-59A7-4D50-949E-236C9B241A1C}.Release|Any CPU.Build.0 = Release|Any CPU
		{41F8EF94-938F-4FAB-9AAB-894852D20C93}.Debug|Any CPU.ActiveCfg = Debug|Any CPU
		{41F8EF94-938F-4FAB-9AAB-894852D20C93}.Debug|Any CPU.Build.0 = Debug|Any CPU
		{41F8EF94-938F-4FAB-9AAB-894852D20C93}.Release|Any CPU.ActiveCfg = Release|Any CPU
		{41F8EF94-938F-4FAB-9AAB-894852D20C93}.Release|Any CPU.Build.0 = Release|Any CPU
		{FF036962-7799-4366-B631-A2C8769E05F1}.Debug|Any CPU.ActiveCfg = Debug|Any CPU
		{FF036962-7799-4366-B631-A2C8769E05F1}.Debug|Any CPU.Build.0 = Debug|Any CPU
		{FF036962-7799-4366-B631-A2C8769E05F1}.Release|Any CPU.ActiveCfg = Release|Any CPU
		{FF036962-7799-4366-B631-A2C8769E05F1}.Release|Any CPU.Build.0 = Release|Any CPU
		{FA85C680-C9CA-4B5A-AF41-278FD75543B8}.Debug|Any CPU.ActiveCfg = Debug|Any CPU
		{FA85C680-C9CA-4B5A-AF41-278FD75543B8}.Debug|Any CPU.Build.0 = Debug|Any CPU
		{FA85C680-C9CA-4B5A-AF41-278FD75543B8}.Release|Any CPU.ActiveCfg = Release|Any CPU
		{FA85C680-C9CA-4B5A-AF41-278FD75543B8}.Release|Any CPU.Build.0 = Release|Any CPU
		{F71C2FEB-0188-470E-ACFD-86E2A6E3A09D}.Debug|Any CPU.ActiveCfg = Debug|Any CPU
		{F71C2FEB-0188-470E-ACFD-86E2A6E3A09D}.Debug|Any CPU.Build.0 = Debug|Any CPU
		{F71C2FEB-0188-470E-ACFD-86E2A6E3A09D}.Release|Any CPU.ActiveCfg = Release|Any CPU
		{F71C2FEB-0188-470E-ACFD-86E2A6E3A09D}.Release|Any CPU.Build.0 = Release|Any CPU
		{BE0BAF89-13D0-453E-BE87-25829B5FCD95}.Debug|Any CPU.ActiveCfg = Debug|Any CPU
		{BE0BAF89-13D0-453E-BE87-25829B5FCD95}.Debug|Any CPU.Build.0 = Debug|Any CPU
		{BE0BAF89-13D0-453E-BE87-25829B5FCD95}.Release|Any CPU.ActiveCfg = Release|Any CPU
		{BE0BAF89-13D0-453E-BE87-25829B5FCD95}.Release|Any CPU.Build.0 = Release|Any CPU
		{E472A28A-A176-460F-BE7C-A90AE4E5A3F4}.Debug|Any CPU.ActiveCfg = Debug|Any CPU
		{E472A28A-A176-460F-BE7C-A90AE4E5A3F4}.Debug|Any CPU.Build.0 = Debug|Any CPU
		{E472A28A-A176-460F-BE7C-A90AE4E5A3F4}.Release|Any CPU.ActiveCfg = Release|Any CPU
		{E472A28A-A176-460F-BE7C-A90AE4E5A3F4}.Release|Any CPU.Build.0 = Release|Any CPU
		{EE9C7457-2EE6-4426-A5A6-393C67FD77F2}.Debug|Any CPU.ActiveCfg = Debug|Any CPU
		{EE9C7457-2EE6-4426-A5A6-393C67FD77F2}.Debug|Any CPU.Build.0 = Debug|Any CPU
		{EE9C7457-2EE6-4426-A5A6-393C67FD77F2}.Release|Any CPU.ActiveCfg = Release|Any CPU
		{EE9C7457-2EE6-4426-A5A6-393C67FD77F2}.Release|Any CPU.Build.0 = Release|Any CPU
		{FE3B6874-F7FF-4E2C-84C6-52570975D89D}.Debug|Any CPU.ActiveCfg = Debug|Any CPU
		{FE3B6874-F7FF-4E2C-84C6-52570975D89D}.Debug|Any CPU.Build.0 = Debug|Any CPU
		{FE3B6874-F7FF-4E2C-84C6-52570975D89D}.Release|Any CPU.ActiveCfg = Release|Any CPU
		{FE3B6874-F7FF-4E2C-84C6-52570975D89D}.Release|Any CPU.Build.0 = Release|Any CPU
		{19DEF7DE-17C4-4CBD-B60E-D1E116FAF0E9}.Debug|Any CPU.ActiveCfg = Debug|Any CPU
		{19DEF7DE-17C4-4CBD-B60E-D1E116FAF0E9}.Debug|Any CPU.Build.0 = Debug|Any CPU
		{19DEF7DE-17C4-4CBD-B60E-D1E116FAF0E9}.Release|Any CPU.ActiveCfg = Release|Any CPU
		{19DEF7DE-17C4-4CBD-B60E-D1E116FAF0E9}.Release|Any CPU.Build.0 = Release|Any CPU
		{3953826A-1F9E-4360-AAA7-5AE0748CB84F}.Debug|Any CPU.ActiveCfg = Debug|Any CPU
		{3953826A-1F9E-4360-AAA7-5AE0748CB84F}.Debug|Any CPU.Build.0 = Debug|Any CPU
		{3953826A-1F9E-4360-AAA7-5AE0748CB84F}.Release|Any CPU.ActiveCfg = Release|Any CPU
		{3953826A-1F9E-4360-AAA7-5AE0748CB84F}.Release|Any CPU.Build.0 = Release|Any CPU
		{EAB531B6-EB67-4F25-991B-5A241CAEDE3E}.Debug|Any CPU.ActiveCfg = Debug|Any CPU
		{EAB531B6-EB67-4F25-991B-5A241CAEDE3E}.Debug|Any CPU.Build.0 = Debug|Any CPU
		{EAB531B6-EB67-4F25-991B-5A241CAEDE3E}.Release|Any CPU.ActiveCfg = Release|Any CPU
		{EAB531B6-EB67-4F25-991B-5A241CAEDE3E}.Release|Any CPU.Build.0 = Release|Any CPU
		{FB9FC9C9-ECA4-4158-9C19-4A824F4C45D3}.Debug|Any CPU.ActiveCfg = Debug|Any CPU
		{FB9FC9C9-ECA4-4158-9C19-4A824F4C45D3}.Debug|Any CPU.Build.0 = Debug|Any CPU
		{FB9FC9C9-ECA4-4158-9C19-4A824F4C45D3}.Release|Any CPU.ActiveCfg = Release|Any CPU
		{FB9FC9C9-ECA4-4158-9C19-4A824F4C45D3}.Release|Any CPU.Build.0 = Release|Any CPU
	EndGlobalSection
	GlobalSection(SolutionProperties) = preSolution
		HideSolutionNode = FALSE
	EndGlobalSection
	GlobalSection(NestedProjects) = preSolution
		{A9B870DC-4927-4A9D-B60A-9B4B5E0B6A3C} = {52559946-7DF6-463E-89B5-B4D5976A06B1}
		{2DCF2ACB-3744-4B92-B401-C50A18D80092} = {EC2456AC-8861-40BF-B1B3-B24ED93BDBB0}
		{7BFE577D-DCE7-43F2-8A33-AE863A09E1CA} = {EC2456AC-8861-40BF-B1B3-B24ED93BDBB0}
		{C5C6D39D-B25F-489A-8341-C6C4A5D55CCC} = {EC2456AC-8861-40BF-B1B3-B24ED93BDBB0}
		{813F92DE-0A35-4001-A3C0-B71B6748B4A5} = {52559946-7DF6-463E-89B5-B4D5976A06B1}
		{90D870F9-5704-4FC2-A108-AFA751294123} = {52559946-7DF6-463E-89B5-B4D5976A06B1}
		{520553B0-59A7-4D50-949E-236C9B241A1C} = {52559946-7DF6-463E-89B5-B4D5976A06B1}
		{41F8EF94-938F-4FAB-9AAB-894852D20C93} = {52559946-7DF6-463E-89B5-B4D5976A06B1}
		{FF036962-7799-4366-B631-A2C8769E05F1} = {52559946-7DF6-463E-89B5-B4D5976A06B1}
		{FA85C680-C9CA-4B5A-AF41-278FD75543B8} = {366497AE-7D01-408A-BDB6-F2B47D201D7C}
		{F71C2FEB-0188-470E-ACFD-86E2A6E3A09D} = {28CB157A-8108-4C0D-8F41-256C3AF73998}
		{BE0BAF89-13D0-453E-BE87-25829B5FCD95} = {28CB157A-8108-4C0D-8F41-256C3AF73998}
		{E472A28A-A176-460F-BE7C-A90AE4E5A3F4} = {28CB157A-8108-4C0D-8F41-256C3AF73998}
		{EE9C7457-2EE6-4426-A5A6-393C67FD77F2} = {28CB157A-8108-4C0D-8F41-256C3AF73998}
		{FE3B6874-F7FF-4E2C-84C6-52570975D89D} = {28CB157A-8108-4C0D-8F41-256C3AF73998}
		{19DEF7DE-17C4-4CBD-B60E-D1E116FAF0E9} = {366497AE-7D01-408A-BDB6-F2B47D201D7C}
		{3953826A-1F9E-4360-AAA7-5AE0748CB84F} = {366497AE-7D01-408A-BDB6-F2B47D201D7C}
		{EAB531B6-EB67-4F25-991B-5A241CAEDE3E} = {366497AE-7D01-408A-BDB6-F2B47D201D7C}
		{FB9FC9C9-ECA4-4158-9C19-4A824F4C45D3} = {366497AE-7D01-408A-BDB6-F2B47D201D7C}
	EndGlobalSection
	GlobalSection(ExtensibilityGlobals) = postSolution
		SolutionGuid = {AC827408-013A-4965-99F3-313D23E6386C}
	EndGlobalSection
EndGlobal
