
Microsoft Visual Studio Solution File, Format Version 12.00
# Visual Studio Version 16
VisualStudioVersion = 16.0.31402.337
MinimumVisualStudioVersion = 10.0.40219.1
Project("{FAE04EC0-301F-11D3-BF4B-00C04F79EFBC}") = "Indexer yield", "Indexer yield\Indexer yield.csproj", "{C4CDC074-FA88-48F5-882A-968CAB96F1F1}"
EndProject
Global
	GlobalSection(SolutionConfigurationPlatforms) = preSolution
		Debug|Any CPU = Debug|Any CPU
		Release|Any CPU = Release|Any CPU
	EndGlobalSection
	GlobalSection(ProjectConfigurationPlatforms) = postSolution
		{C4CDC074-FA88-48F5-882A-968CAB96F1F1}.Debug|Any CPU.ActiveCfg = Debug|Any CPU
		{C4CDC074-FA88-48F5-882A-968CAB96F1F1}.Debug|Any CPU.Build.0 = Debug|Any CPU
		{C4CDC074-FA88-48F5-882A-968CAB96F1F1}.Release|Any CPU.ActiveCfg = Release|Any CPU
		{C4CDC074-FA88-48F5-882A-968CAB96F1F1}.Release|Any CPU.Build.0 = Release|Any CPU
	EndGlobalSection
	GlobalSection(SolutionProperties) = preSolution
		HideSolutionNode = FALSE
	EndGlobalSection
	GlobalSection(ExtensibilityGlobals) = postSolution
		SolutionGuid = {842F4AF4-2F0C-4ACF-A443-73B0FD01DED1}
	EndGlobalSection
EndGlobal
