
Microsoft Visual Studio Solution File, Format Version 12.00
# Visual Studio Version 16
VisualStudioVersion = 16.0.31702.278
MinimumVisualStudioVersion = 10.0.40219.1
Project("{FAE04EC0-301F-11D3-BF4B-00C04F79EFBC}") = "Attribute AND Reflection", "Attribute AND Reflection\Attribute AND Reflection.csproj", "{FF30F438-184F-4CB2-92B2-F9841E6CB532}"
EndProject
Global
	GlobalSection(SolutionConfigurationPlatforms) = preSolution
		Debug|Any CPU = Debug|Any CPU
		Release|Any CPU = Release|Any CPU
	EndGlobalSection
	GlobalSection(ProjectConfigurationPlatforms) = postSolution
		{FF30F438-184F-4CB2-92B2-F9841E6CB532}.Debug|Any CPU.ActiveCfg = Debug|Any CPU
		{FF30F438-184F-4CB2-92B2-F9841E6CB532}.Debug|Any CPU.Build.0 = Debug|Any CPU
		{FF30F438-184F-4CB2-92B2-F9841E6CB532}.Release|Any CPU.ActiveCfg = Release|Any CPU
		{FF30F438-184F-4CB2-92B2-F9841E6CB532}.Release|Any CPU.Build.0 = Release|Any CPU
	EndGlobalSection
	GlobalSection(SolutionProperties) = preSolution
		HideSolutionNode = FALSE
	EndGlobalSection
	GlobalSection(ExtensibilityGlobals) = postSolution
		SolutionGuid = {223ADB70-764C-4FA7-9B6F-F2676C809F98}
	EndGlobalSection
EndGlobal
