
Microsoft Visual Studio Solution File, Format Version 12.00
# Visual Studio Version 16
VisualStudioVersion = 16.0.31702.278
MinimumVisualStudioVersion = 10.0.40219.1
Project("{FAE04EC0-301F-11D3-BF4B-00C04F79EFBC}") = "SerilogProject", "SerilogProject\SerilogProject.csproj", "{3FED2FD0-D22C-4D0F-8A31-A7D940FA0EEF}"
EndProject
Global
	GlobalSection(SolutionConfigurationPlatforms) = preSolution
		Debug|Any CPU = Debug|Any CPU
		Release|Any CPU = Release|Any CPU
	EndGlobalSection
	GlobalSection(ProjectConfigurationPlatforms) = postSolution
		{3FED2FD0-D22C-4D0F-8A31-A7D940FA0EEF}.Debug|Any CPU.ActiveCfg = Debug|Any CPU
		{3FED2FD0-D22C-4D0F-8A31-A7D940FA0EEF}.Debug|Any CPU.Build.0 = Debug|Any CPU
		{3FED2FD0-D22C-4D0F-8A31-A7D940FA0EEF}.Release|Any CPU.ActiveCfg = Release|Any CPU
		{3FED2FD0-D22C-4D0F-8A31-A7D940FA0EEF}.Release|Any CPU.Build.0 = Release|Any CPU
	EndGlobalSection
	GlobalSection(SolutionProperties) = preSolution
		HideSolutionNode = FALSE
	EndGlobalSection
	GlobalSection(ExtensibilityGlobals) = postSolution
		SolutionGuid = {E45FB041-8F53-4B8E-A66D-46095EF6676C}
	EndGlobalSection
EndGlobal
