
Microsoft Visual Studio Solution File, Format Version 12.00
# Visual Studio Version 16
VisualStudioVersion = 16.0.31702.278
MinimumVisualStudioVersion = 10.0.40219.1
Project("{FAE04EC0-301F-11D3-BF4B-00C04F79EFBC}") = "UrlsAndRoutes", "UrlsAndRoutes\UrlsAndRoutes.csproj", "{3D124EF2-A8EC-414A-9B66-12E52214922A}"
EndProject
Global
	GlobalSection(SolutionConfigurationPlatforms) = preSolution
		Debug|Any CPU = Debug|Any CPU
		Release|Any CPU = Release|Any CPU
	EndGlobalSection
	GlobalSection(ProjectConfigurationPlatforms) = postSolution
		{3D124EF2-A8EC-414A-9B66-12E52214922A}.Debug|Any CPU.ActiveCfg = Debug|Any CPU
		{3D124EF2-A8EC-414A-9B66-12E52214922A}.Debug|Any CPU.Build.0 = Debug|Any CPU
		{3D124EF2-A8EC-414A-9B66-12E52214922A}.Release|Any CPU.ActiveCfg = Release|Any CPU
		{3D124EF2-A8EC-414A-9B66-12E52214922A}.Release|Any CPU.Build.0 = Release|Any CPU
	EndGlobalSection
	GlobalSection(SolutionProperties) = preSolution
		HideSolutionNode = FALSE
	EndGlobalSection
	GlobalSection(ExtensibilityGlobals) = postSolution
		SolutionGuid = {85E24CAC-A752-4DCB-8FC6-0E50DE82797D}
	EndGlobalSection
EndGlobal
